// !$*UTF8*$!
{
	archiveVersion = 1;
	classes = {
	};
	objectVersion = 55;
	objects = {

/* Begin PBXBuildFile section */
		37032716293E50A100124D3F /* PinAnnotation.swift in Sources */ = {isa = PBXBuildFile; fileRef = 37032715293E50A100124D3F /* PinAnnotation.swift */; };
		370AB91628B6AED40062722A /* DonneesVueBorneCaracteristique.swift in Sources */ = {isa = PBXBuildFile; fileRef = 370AB91528B6AED40062722A /* DonneesVueBorneCaracteristique.swift */; };
		37822355287CC6480055C73C /* VueCapsule.swift in Sources */ = {isa = PBXBuildFile; fileRef = 37822354287CC6480055C73C /* VueCapsule.swift */; };
		37822357287CC8180055C73C /* Aleatoire.swift in Sources */ = {isa = PBXBuildFile; fileRef = 37822356287CC8180055C73C /* Aleatoire.swift */; };
		3791BFD0288C38D20083E8E0 /* DetailsBornesVueModale.swift in Sources */ = {isa = PBXBuildFile; fileRef = 3791BFCF288C38D20083E8E0 /* DetailsBornesVueModale.swift */; };
		379712E728777846000449FB /* AccesDonnees.swift in Sources */ = {isa = PBXBuildFile; fileRef = 379712E628777846000449FB /* AccesDonnees.swift */; };
		379712E9287780BC000449FB /* BorneModele.swift in Sources */ = {isa = PBXBuildFile; fileRef = 379712E8287780BC000449FB /* BorneModele.swift */; };
		37BA5400288D850B00C00E82 /* CaracteristiquesBornesVue.swift in Sources */ = {isa = PBXBuildFile; fileRef = 37BA53FF288D850B00C00E82 /* CaracteristiquesBornesVue.swift */; };
		37E83FD3284E51B8004681D6 /* BornesRecharchesApp.swift in Sources */ = {isa = PBXBuildFile; fileRef = 37E83FD2284E51B8004681D6 /* BornesRecharchesApp.swift */; };
		37E83FD5284E51B8004681D6 /* ContentView.swift in Sources */ = {isa = PBXBuildFile; fileRef = 37E83FD4284E51B8004681D6 /* ContentView.swift */; };
		37E83FD7284E51BC004681D6 /* Assets.xcassets in Resources */ = {isa = PBXBuildFile; fileRef = 37E83FD6284E51BC004681D6 /* Assets.xcassets */; };
		37E83FDA284E51BC004681D6 /* Preview Assets.xcassets in Resources */ = {isa = PBXBuildFile; fileRef = 37E83FD9284E51BC004681D6 /* Preview Assets.xcassets */; };
		37E83FE5284E53E7004681D6 /* SuiviUtilisateurViewModel.swift in Sources */ = {isa = PBXBuildFile; fileRef = 37E83FE4284E53E7004681D6 /* SuiviUtilisateurViewModel.swift */; };
		37E83FE7284E5562004681D6 /* Ressources.swift in Sources */ = {isa = PBXBuildFile; fileRef = 37E83FE6284E5562004681D6 /* Ressources.swift */; };
		37EB14B028801051000A5257 /* DetailsBornesVuePopup.swift in Sources */ = {isa = PBXBuildFile; fileRef = 37EB14AF28801051000A5257 /* DetailsBornesVuePopup.swift */; };
/* End PBXBuildFile section */

/* Begin PBXFileReference section */
		37032715293E50A100124D3F /* PinAnnotation.swift */ = {isa = PBXFileReference; lastKnownFileType = sourcecode.swift; path = PinAnnotation.swift; sourceTree = "<group>"; };
		370AB91528B6AED40062722A /* DonneesVueBorneCaracteristique.swift */ = {isa = PBXFileReference; lastKnownFileType = sourcecode.swift; path = DonneesVueBorneCaracteristique.swift; sourceTree = "<group>"; };
		37822354287CC6480055C73C /* VueCapsule.swift */ = {isa = PBXFileReference; lastKnownFileType = sourcecode.swift; path = VueCapsule.swift; sourceTree = "<group>"; };
		37822356287CC8180055C73C /* Aleatoire.swift */ = {isa = PBXFileReference; lastKnownFileType = sourcecode.swift; path = Aleatoire.swift; sourceTree = "<group>"; };
		3791BFCF288C38D20083E8E0 /* DetailsBornesVueModale.swift */ = {isa = PBXFileReference; lastKnownFileType = sourcecode.swift; path = DetailsBornesVueModale.swift; sourceTree = "<group>"; };
		379712E628777846000449FB /* AccesDonnees.swift */ = {isa = PBXFileReference; lastKnownFileType = sourcecode.swift; path = AccesDonnees.swift; sourceTree = "<group>"; };
		379712E8287780BC000449FB /* BorneModele.swift */ = {isa = PBXFileReference; lastKnownFileType = sourcecode.swift; path = BorneModele.swift; sourceTree = "<group>"; };
		37BA53FF288D850B00C00E82 /* CaracteristiquesBornesVue.swift */ = {isa = PBXFileReference; lastKnownFileType = sourcecode.swift; path = CaracteristiquesBornesVue.swift; sourceTree = "<group>"; };
		37E83FCF284E51B8004681D6 /* BornesRecharches.app */ = {isa = PBXFileReference; explicitFileType = wrapper.application; includeInIndex = 0; path = BornesRecharches.app; sourceTree = BUILT_PRODUCTS_DIR; };
		37E83FD2284E51B8004681D6 /* BornesRecharchesApp.swift */ = {isa = PBXFileReference; lastKnownFileType = sourcecode.swift; path = BornesRecharchesApp.swift; sourceTree = "<group>"; };
		37E83FD4284E51B8004681D6 /* ContentView.swift */ = {isa = PBXFileReference; lastKnownFileType = sourcecode.swift; path = ContentView.swift; sourceTree = "<group>"; };
		37E83FD6284E51BC004681D6 /* Assets.xcassets */ = {isa = PBXFileReference; lastKnownFileType = folder.assetcatalog; path = Assets.xcassets; sourceTree = "<group>"; };
		37E83FD9284E51BC004681D6 /* Preview Assets.xcassets */ = {isa = PBXFileReference; lastKnownFileType = folder.assetcatalog; path = "Preview Assets.xcassets"; sourceTree = "<group>"; };
		37E83FE4284E53E7004681D6 /* SuiviUtilisateurViewModel.swift */ = {isa = PBXFileReference; lastKnownFileType = sourcecode.swift; path = SuiviUtilisateurViewModel.swift; sourceTree = "<group>"; };
		37E83FE6284E5562004681D6 /* Ressources.swift */ = {isa = PBXFileReference; lastKnownFileType = sourcecode.swift; path = Ressources.swift; sourceTree = "<group>"; };
		37EB14AF28801051000A5257 /* DetailsBornesVuePopup.swift */ = {isa = PBXFileReference; lastKnownFileType = sourcecode.swift; path = DetailsBornesVuePopup.swift; sourceTree = "<group>"; };
/* End PBXFileReference section */

/* Begin PBXFrameworksBuildPhase section */
		37E83FCC284E51B8004681D6 /* Frameworks */ = {
			isa = PBXFrameworksBuildPhase;
			buildActionMask = 2147483647;
			files = (
			);
			runOnlyForDeploymentPostprocessing = 0;
		};
/* End PBXFrameworksBuildPhase section */

/* Begin PBXGroup section */
		379712E528777781000449FB /* Connexion */ = {
			isa = PBXGroup;
			children = (
				379712E628777846000449FB /* AccesDonnees.swift */,
			);
			path = Connexion;
			sourceTree = "<group>";
		};
		37E83FC6284E51B8004681D6 = {
			isa = PBXGroup;
			children = (
				37E83FD1284E51B8004681D6 /* BornesRecharches */,
				37E83FD0284E51B8004681D6 /* Products */,
			);
			sourceTree = "<group>";
		};
		37E83FD0284E51B8004681D6 /* Products */ = {
			isa = PBXGroup;
			children = (
				37E83FCF284E51B8004681D6 /* BornesRecharches.app */,
			);
			name = Products;
			sourceTree = "<group>";
		};
		37E83FD1284E51B8004681D6 /* BornesRecharches */ = {
			isa = PBXGroup;
			children = (
				37E83FE0284E52BF004681D6 /* Ressources */,
				379712E528777781000449FB /* Connexion */,
				37E83FE1284E5312004681D6 /* ViewModel */,
				37E83FE3284E537A004681D6 /* Model */,
				37E83FE2284E5354004681D6 /* View */,
				37E83FD2284E51B8004681D6 /* BornesRecharchesApp.swift */,
				37E83FD6284E51BC004681D6 /* Assets.xcassets */,
				37E83FD8284E51BC004681D6 /* Preview Content */,
			);
			path = BornesRecharches;
			sourceTree = "<group>";
		};
		37E83FD8284E51BC004681D6 /* Preview Content */ = {
			isa = PBXGroup;
			children = (
				37E83FD9284E51BC004681D6 /* Preview Assets.xcassets */,
			);
			path = "Preview Content";
			sourceTree = "<group>";
		};
		37E83FE0284E52BF004681D6 /* Ressources */ = {
			isa = PBXGroup;
			children = (
				37E83FE6284E5562004681D6 /* Ressources.swift */,
			);
			path = Ressources;
			sourceTree = "<group>";
		};
		37E83FE1284E5312004681D6 /* ViewModel */ = {
			isa = PBXGroup;
			children = (
				37E83FE4284E53E7004681D6 /* SuiviUtilisateurViewModel.swift */,
			);
			path = ViewModel;
			sourceTree = "<group>";
		};
		37E83FE2284E5354004681D6 /* View */ = {
			isa = PBXGroup;
			children = (
				37E83FD4284E51B8004681D6 /* ContentView.swift */,
				37032715293E50A100124D3F /* PinAnnotation.swift */,
				37EB14AF28801051000A5257 /* DetailsBornesVuePopup.swift */,
				37822354287CC6480055C73C /* VueCapsule.swift */,
				3791BFCF288C38D20083E8E0 /* DetailsBornesVueModale.swift */,
				37BA53FF288D850B00C00E82 /* CaracteristiquesBornesVue.swift */,
			);
			path = View;
			sourceTree = "<group>";
		};
		37E83FE3284E537A004681D6 /* Model */ = {
			isa = PBXGroup;
			children = (
				37822356287CC8180055C73C /* Aleatoire.swift */,
				379712E8287780BC000449FB /* BorneModele.swift */,
				370AB91528B6AED40062722A /* DonneesVueBorneCaracteristique.swift */,
			);
			path = Model;
			sourceTree = "<group>";
		};
/* End PBXGroup section */

/* Begin PBXNativeTarget section */
		37E83FCE284E51B8004681D6 /* BornesRecharches */ = {
			isa = PBXNativeTarget;
			buildConfigurationList = 37E83FDD284E51BC004681D6 /* Build configuration list for PBXNativeTarget "BornesRecharches" */;
			buildPhases = (
				37E83FCB284E51B8004681D6 /* Sources */,
				37E83FCC284E51B8004681D6 /* Frameworks */,
				37E83FCD284E51B8004681D6 /* Resources */,
			);
			buildRules = (
			);
			dependencies = (
			);
			name = BornesRecharches;
			productName = BornesRecharches;
			productReference = 37E83FCF284E51B8004681D6 /* BornesRecharches.app */;
			productType = "com.apple.product-type.application";
		};
/* End PBXNativeTarget section */

/* Begin PBXProject section */
		37E83FC7284E51B8004681D6 /* Project object */ = {
			isa = PBXProject;
			attributes = {
				BuildIndependentTargetsInParallel = 1;
				LastSwiftUpdateCheck = 1340;
				LastUpgradeCheck = 1340;
				TargetAttributes = {
					37E83FCE284E51B8004681D6 = {
						CreatedOnToolsVersion = 13.4.1;
					};
				};
			};
			buildConfigurationList = 37E83FCA284E51B8004681D6 /* Build configuration list for PBXProject "BornesRecharches" */;
			compatibilityVersion = "Xcode 13.0";
			developmentRegion = en;
			hasScannedForEncodings = 0;
			knownRegions = (
				en,
				Base,
			);
			mainGroup = 37E83FC6284E51B8004681D6;
			productRefGroup = 37E83FD0284E51B8004681D6 /* Products */;
			projectDirPath = "";
			projectRoot = "";
			targets = (
				37E83FCE284E51B8004681D6 /* BornesRecharches */,
			);
		};
/* End PBXProject section */

/* Begin PBXResourcesBuildPhase section */
		37E83FCD284E51B8004681D6 /* Resources */ = {
			isa = PBXResourcesBuildPhase;
			buildActionMask = 2147483647;
			files = (
				37E83FDA284E51BC004681D6 /* Preview Assets.xcassets in Resources */,
				37E83FD7284E51BC004681D6 /* Assets.xcassets in Resources */,
			);
			runOnlyForDeploymentPostprocessing = 0;
		};
/* End PBXResourcesBuildPhase section */

/* Begin PBXSourcesBuildPhase section */
		37E83FCB284E51B8004681D6 /* Sources */ = {
			isa = PBXSourcesBuildPhase;
			buildActionMask = 2147483647;
			files = (
				37822357287CC8180055C73C /* Aleatoire.swift in Sources */,
				37EB14B028801051000A5257 /* DetailsBornesVuePopup.swift in Sources */,
				379712E9287780BC000449FB /* BorneModele.swift in Sources */,
				37E83FD5284E51B8004681D6 /* ContentView.swift in Sources */,
				379712E728777846000449FB /* AccesDonnees.swift in Sources */,
				37032716293E50A100124D3F /* PinAnnotation.swift in Sources */,
				37E83FE7284E5562004681D6 /* Ressources.swift in Sources */,
				370AB91628B6AED40062722A /* DonneesVueBorneCaracteristique.swift in Sources */,
				37E83FD3284E51B8004681D6 /* BornesRecharchesApp.swift in Sources */,
				37822355287CC6480055C73C /* VueCapsule.swift in Sources */,
				3791BFD0288C38D20083E8E0 /* DetailsBornesVueModale.swift in Sources */,
				37E83FE5284E53E7004681D6 /* SuiviUtilisateurViewModel.swift in Sources */,
				37BA5400288D850B00C00E82 /* CaracteristiquesBornesVue.swift in Sources */,
			);
			runOnlyForDeploymentPostprocessing = 0;
		};
/* End PBXSourcesBuildPhase section */

/* Begin XCBuildConfiguration section */
		37E83FDB284E51BC004681D6 /* Debug */ = {
			isa = XCBuildConfiguration;
			buildSettings = {
				ALWAYS_SEARCH_USER_PATHS = NO;
				CLANG_ANALYZER_NONNULL = YES;
				CLANG_ANALYZER_NUMBER_OBJECT_CONVERSION = YES_AGGRESSIVE;
				CLANG_CXX_LANGUAGE_STANDARD = "gnu++17";
				CLANG_ENABLE_MODULES = YES;
				CLANG_ENABLE_OBJC_ARC = YES;
				CLANG_ENABLE_OBJC_WEAK = YES;
				CLANG_WARN_BLOCK_CAPTURE_AUTORELEASING = YES;
				CLANG_WARN_BOOL_CONVERSION = YES;
				CLANG_WARN_COMMA = YES;
				CLANG_WARN_CONSTANT_CONVERSION = YES;
				CLANG_WARN_DEPRECATED_OBJC_IMPLEMENTATIONS = YES;
				CLANG_WARN_DIRECT_OBJC_ISA_USAGE = YES_ERROR;
				CLANG_WARN_DOCUMENTATION_COMMENTS = YES;
				CLANG_WARN_EMPTY_BODY = YES;
				CLANG_WARN_ENUM_CONVERSION = YES;
				CLANG_WARN_INFINITE_RECURSION = YES;
				CLANG_WARN_INT_CONVERSION = YES;
				CLANG_WARN_NON_LITERAL_NULL_CONVERSION = YES;
				CLANG_WARN_OBJC_IMPLICIT_RETAIN_SELF = YES;
				CLANG_WARN_OBJC_LITERAL_CONVERSION = YES;
				CLANG_WARN_OBJC_ROOT_CLASS = YES_ERROR;
				CLANG_WARN_QUOTED_INCLUDE_IN_FRAMEWORK_HEADER = YES;
				CLANG_WARN_RANGE_LOOP_ANALYSIS = YES;
				CLANG_WARN_STRICT_PROTOTYPES = YES;
				CLANG_WARN_SUSPICIOUS_MOVE = YES;
				CLANG_WARN_UNGUARDED_AVAILABILITY = YES_AGGRESSIVE;
				CLANG_WARN_UNREACHABLE_CODE = YES;
				CLANG_WARN__DUPLICATE_METHOD_MATCH = YES;
				COPY_PHASE_STRIP = NO;
				DEBUG_INFORMATION_FORMAT = dwarf;
				ENABLE_STRICT_OBJC_MSGSEND = YES;
				ENABLE_TESTABILITY = YES;
				GCC_C_LANGUAGE_STANDARD = gnu11;
				GCC_DYNAMIC_NO_PIC = NO;
				GCC_NO_COMMON_BLOCKS = YES;
				GCC_OPTIMIZATION_LEVEL = 0;
				GCC_PREPROCESSOR_DEFINITIONS = (
					"DEBUG=1",
					"$(inherited)",
				);
				GCC_WARN_64_TO_32_BIT_CONVERSION = YES;
				GCC_WARN_ABOUT_RETURN_TYPE = YES_ERROR;
				GCC_WARN_UNDECLARED_SELECTOR = YES;
				GCC_WARN_UNINITIALIZED_AUTOS = YES_AGGRESSIVE;
				GCC_WARN_UNUSED_FUNCTION = YES;
				GCC_WARN_UNUSED_VARIABLE = YES;
				IPHONEOS_DEPLOYMENT_TARGET = 16.0;
				MTL_ENABLE_DEBUG_INFO = INCLUDE_SOURCE;
				MTL_FAST_MATH = YES;
				ONLY_ACTIVE_ARCH = YES;
				SDKROOT = iphoneos;
				SWIFT_ACTIVE_COMPILATION_CONDITIONS = DEBUG;
				SWIFT_OPTIMIZATION_LEVEL = "-Onone";
			};
			name = Debug;
		};
		37E83FDC284E51BC004681D6 /* Release */ = {
			isa = XCBuildConfiguration;
			buildSettings = {
				ALWAYS_SEARCH_USER_PATHS = NO;
				CLANG_ANALYZER_NONNULL = YES;
				CLANG_ANALYZER_NUMBER_OBJECT_CONVERSION = YES_AGGRESSIVE;
				CLANG_CXX_LANGUAGE_STANDARD = "gnu++17";
				CLANG_ENABLE_MODULES = YES;
				CLANG_ENABLE_OBJC_ARC = YES;
				CLANG_ENABLE_OBJC_WEAK = YES;
				CLANG_WARN_BLOCK_CAPTURE_AUTORELEASING = YES;
				CLANG_WARN_BOOL_CONVERSION = YES;
				CLANG_WARN_COMMA = YES;
				CLANG_WARN_CONSTANT_CONVERSION = YES;
				CLANG_WARN_DEPRECATED_OBJC_IMPLEMENTATIONS = YES;
				CLANG_WARN_DIRECT_OBJC_ISA_USAGE = YES_ERROR;
				CLANG_WARN_DOCUMENTATION_COMMENTS = YES;
				CLANG_WARN_EMPTY_BODY = YES;
				CLANG_WARN_ENUM_CONVERSION = YES;
				CLANG_WARN_INFINITE_RECURSION = YES;
				CLANG_WARN_INT_CONVERSION = YES;
				CLANG_WARN_NON_LITERAL_NULL_CONVERSION = YES;
				CLANG_WARN_OBJC_IMPLICIT_RETAIN_SELF = YES;
				CLANG_WARN_OBJC_LITERAL_CONVERSION = YES;
				CLANG_WARN_OBJC_ROOT_CLASS = YES_ERROR;
				CLANG_WARN_QUOTED_INCLUDE_IN_FRAMEWORK_HEADER = YES;
				CLANG_WARN_RANGE_LOOP_ANALYSIS = YES;
				CLANG_WARN_STRICT_PROTOTYPES = YES;
				CLANG_WARN_SUSPICIOUS_MOVE = YES;
				CLANG_WARN_UNGUARDED_AVAILABILITY = YES_AGGRESSIVE;
				CLANG_WARN_UNREACHABLE_CODE = YES;
				CLANG_WARN__DUPLICATE_METHOD_MATCH = YES;
				COPY_PHASE_STRIP = NO;
				DEBUG_INFORMATION_FORMAT = "dwarf-with-dsym";
				ENABLE_NS_ASSERTIONS = NO;
				ENABLE_STRICT_OBJC_MSGSEND = YES;
				GCC_C_LANGUAGE_STANDARD = gnu11;
				GCC_NO_COMMON_BLOCKS = YES;
				GCC_WARN_64_TO_32_BIT_CONVERSION = YES;
				GCC_WARN_ABOUT_RETURN_TYPE = YES_ERROR;
				GCC_WARN_UNDECLARED_SELECTOR = YES;
				GCC_WARN_UNINITIALIZED_AUTOS = YES_AGGRESSIVE;
				GCC_WARN_UNUSED_FUNCTION = YES;
				GCC_WARN_UNUSED_VARIABLE = YES;
				IPHONEOS_DEPLOYMENT_TARGET = 16.0;
				MTL_ENABLE_DEBUG_INFO = NO;
				MTL_FAST_MATH = YES;
				SDKROOT = iphoneos;
				SWIFT_COMPILATION_MODE = wholemodule;
				SWIFT_OPTIMIZATION_LEVEL = "-O";
				VALIDATE_PRODUCT = YES;
			};
			name = Release;
		};
		37E83FDE284E51BC004681D6 /* Debug */ = {
			isa = XCBuildConfiguration;
			buildSettings = {
				ASSETCATALOG_COMPILER_APPICON_NAME = AppIcon;
				ASSETCATALOG_COMPILER_GLOBAL_ACCENT_COLOR_NAME = AccentColor;
				CODE_SIGN_STYLE = Automatic;
				CURRENT_PROJECT_VERSION = 1;
				DEVELOPMENT_ASSET_PATHS = "\"BornesRecharches/Preview Content\"";
				DEVELOPMENT_TEAM = UGQ4YS2NK3;
				ENABLE_PREVIEWS = YES;
				GENERATE_INFOPLIST_FILE = YES;
				INFOPLIST_KEY_NSLocationAlwaysAndWhenInUseUsageDescription = "nom application";
				INFOPLIST_KEY_NSLocationWhenInUseUsageDescription = "nom application";
				INFOPLIST_KEY_UIApplicationSceneManifest_Generation = YES;
				INFOPLIST_KEY_UIApplicationSupportsIndirectInputEvents = YES;
				INFOPLIST_KEY_UILaunchScreen_Generation = YES;
				INFOPLIST_KEY_UISupportedInterfaceOrientations_iPad = "UIInterfaceOrientationPortrait UIInterfaceOrientationPortraitUpsideDown UIInterfaceOrientationLandscapeLeft UIInterfaceOrientationLandscapeRight";
				INFOPLIST_KEY_UISupportedInterfaceOrientations_iPhone = "UIInterfaceOrientationPortrait UIInterfaceOrientationLandscapeLeft UIInterfaceOrientationLandscapeRight";
				LD_RUNPATH_SEARCH_PATHS = (
					"$(inherited)",
					"@executable_path/Frameworks",
				);
				MARKETING_VERSION = 1.0;
				PRODUCT_BUNDLE_IDENTIFIER = com.titastus.BornesRecharches;
				PRODUCT_NAME = "$(TARGET_NAME)";
				SWIFT_EMIT_LOC_STRINGS = YES;
				SWIFT_VERSION = 5.0;
				TARGETED_DEVICE_FAMILY = "1,2";
			};
			name = Debug;
		};
		37E83FDF284E51BC004681D6 /* Release */ = {
			isa = XCBuildConfiguration;
			buildSettings = {
				ASSETCATALOG_COMPILER_APPICON_NAME = AppIcon;
				ASSETCATALOG_COMPILER_GLOBAL_ACCENT_COLOR_NAME = AccentColor;
				CODE_SIGN_STYLE = Automatic;
				CURRENT_PROJECT_VERSION = 1;
				DEVELOPMENT_ASSET_PATHS = "\"BornesRecharches/Preview Content\"";
				DEVELOPMENT_TEAM = UGQ4YS2NK3;
				ENABLE_PREVIEWS = YES;
				GENERATE_INFOPLIST_FILE = YES;
				INFOPLIST_KEY_NSLocationAlwaysAndWhenInUseUsageDescription = "nom application";
				INFOPLIST_KEY_NSLocationWhenInUseUsageDescription = "nom application";
				INFOPLIST_KEY_UIApplicationSceneManifest_Generation = YES;
				INFOPLIST_KEY_UIApplicationSupportsIndirectInputEvents = YES;
				INFOPLIST_KEY_UILaunchScreen_Generation = YES;
				INFOPLIST_KEY_UISupportedInterfaceOrientations_iPad = "UIInterfaceOrientationPortrait UIInterfaceOrientationPortraitUpsideDown UIInterfaceOrientationLandscapeLeft UIInterfaceOrientationLandscapeRight";
				INFOPLIST_KEY_UISupportedInterfaceOrientations_iPhone = "UIInterfaceOrientationPortrait UIInterfaceOrientationLandscapeLeft UIInterfaceOrientationLandscapeRight";
				LD_RUNPATH_SEARCH_PATHS = (
					"$(inherited)",
					"@executable_path/Frameworks",
				);
				MARKETING_VERSION = 1.0;
				PRODUCT_BUNDLE_IDENTIFIER = com.titastus.BornesRecharches;
				PRODUCT_NAME = "$(TARGET_NAME)";
				SWIFT_EMIT_LOC_STRINGS = YES;
				SWIFT_VERSION = 5.0;
				TARGETED_DEVICE_FAMILY = "1,2";
			};
			name = Release;
		};
/* End XCBuildConfiguration section */

/* Begin XCConfigurationList section */
		37E83FCA284E51B8004681D6 /* Build configuration list for PBXProject "BornesRecharches" */ = {
			isa = XCConfigurationList;
			buildConfigurations = (
				37E83FDB284E51BC004681D6 /* Debug */,
				37E83FDC284E51BC004681D6 /* Release */,
			);
			defaultConfigurationIsVisible = 0;
			defaultConfigurationName = Release;
		};
		37E83FDD284E51BC004681D6 /* Build configuration list for PBXNativeTarget "BornesRecharches" */ = {
			isa = XCConfigurationList;
			buildConfigurations = (
				37E83FDE284E51BC004681D6 /* Debug */,
				37E83FDF284E51BC004681D6 /* Release */,
			);
			defaultConfigurationIsVisible = 0;
			defaultConfigurationName = Release;
		};
/* End XCConfigurationList section */
	};
	rootObject = 37E83FC7284E51B8004681D6 /* Project object */;
}
